
Microsoft Visual Studio Solution File, Format Version 12.00
# Visual Studio 2012
Project("{FAE04EC0-301F-11D3-BF4B-00C04F79EFBC}") = "Emu.Wpf", "Emu.Wpf\Emu.Wpf.csproj", "{1E550CF6-D384-41EC-ADE0-89E16F78D1F9}"
EndProject
Project("{FAE04EC0-301F-11D3-BF4B-00C04F79EFBC}") = "Emu.Common", "Emu.Common\Emu.Common.csproj", "{50698DCB-515F-4885-8607-06C8575DBA09}"
EndProject
Project("{FAE04EC0-301F-11D3-BF4B-00C04F79EFBC}") = "Emu.Data", "Emu.Data\Emu.Data.csproj", "{29BA9CDB-BBE2-4391-BF21-E27488972AC1}"
EndProject
Project("{FAE04EC0-301F-11D3-BF4B-00C04F79EFBC}") = "Emu.Logic", "Emu.Logic\Emu.Logic.csproj", "{9F6B7B47-A2EB-4BB8-9935-B6E80F334FBC}"
EndProject
Global
	GlobalSection(SolutionConfigurationPlatforms) = preSolution
		Debug|Any CPU = Debug|Any CPU
		Release|Any CPU = Release|Any CPU
	EndGlobalSection
	GlobalSection(ProjectConfigurationPlatforms) = postSolution
		{1E550CF6-D384-41EC-ADE0-89E16F78D1F9}.Debug|Any CPU.ActiveCfg = Debug|Any CPU
		{1E550CF6-D384-41EC-ADE0-89E16F78D1F9}.Debug|Any CPU.Build.0 = Debug|Any CPU
		{1E550CF6-D384-41EC-ADE0-89E16F78D1F9}.Release|Any CPU.ActiveCfg = Release|Any CPU
		{1E550CF6-D384-41EC-ADE0-89E16F78D1F9}.Release|Any CPU.Build.0 = Release|Any CPU
		{50698DCB-515F-4885-8607-06C8575DBA09}.Debug|Any CPU.ActiveCfg = Debug|Any CPU
		{50698DCB-515F-4885-8607-06C8575DBA09}.Debug|Any CPU.Build.0 = Debug|Any CPU
		{50698DCB-515F-4885-8607-06C8575DBA09}.Release|Any CPU.ActiveCfg = Release|Any CPU
		{50698DCB-515F-4885-8607-06C8575DBA09}.Release|Any CPU.Build.0 = Release|Any CPU
		{29BA9CDB-BBE2-4391-BF21-E27488972AC1}.Debug|Any CPU.ActiveCfg = Debug|Any CPU
		{29BA9CDB-BBE2-4391-BF21-E27488972AC1}.Debug|Any CPU.Build.0 = Debug|Any CPU
		{29BA9CDB-BBE2-4391-BF21-E27488972AC1}.Release|Any CPU.ActiveCfg = Release|Any CPU
		{29BA9CDB-BBE2-4391-BF21-E27488972AC1}.Release|Any CPU.Build.0 = Release|Any CPU
		{9F6B7B47-A2EB-4BB8-9935-B6E80F334FBC}.Debug|Any CPU.ActiveCfg = Debug|Any CPU
		{9F6B7B47-A2EB-4BB8-9935-B6E80F334FBC}.Debug|Any CPU.Build.0 = Debug|Any CPU
		{9F6B7B47-A2EB-4BB8-9935-B6E80F334FBC}.Release|Any CPU.ActiveCfg = Release|Any CPU
		{9F6B7B47-A2EB-4BB8-9935-B6E80F334FBC}.Release|Any CPU.Build.0 = Release|Any CPU
	EndGlobalSection
	GlobalSection(SolutionProperties) = preSolution
		HideSolutionNode = FALSE
	EndGlobalSection
EndGlobal
