
Microsoft Visual Studio Solution File, Format Version 12.00
# Visual Studio 2012
Project("{FAE04EC0-301F-11D3-BF4B-00C04F79EFBC}") = "Emu.Common", "Emu.Common\Emu.Common.csproj", "{50698DCB-515F-4885-8607-06C8575DBA09}"
EndProject
Project("{FAE04EC0-301F-11D3-BF4B-00C04F79EFBC}") = "Emu.Web", "Emu.Web\Emu.Web.csproj", "{21EB9EC2-EAB4-4F9C-809A-F4EAD1C557DE}"
EndProject
Global
	GlobalSection(SolutionConfigurationPlatforms) = preSolution
		Debug|Any CPU = Debug|Any CPU
		Release|Any CPU = Release|Any CPU
	EndGlobalSection
	GlobalSection(ProjectConfigurationPlatforms) = postSolution
		{50698DCB-515F-4885-8607-06C8575DBA09}.Debug|Any CPU.ActiveCfg = Debug|Any CPU
		{50698DCB-515F-4885-8607-06C8575DBA09}.Debug|Any CPU.Build.0 = Debug|Any CPU
		{50698DCB-515F-4885-8607-06C8575DBA09}.Release|Any CPU.ActiveCfg = Release|Any CPU
		{50698DCB-515F-4885-8607-06C8575DBA09}.Release|Any CPU.Build.0 = Release|Any CPU
		{21EB9EC2-EAB4-4F9C-809A-F4EAD1C557DE}.Debug|Any CPU.ActiveCfg = Debug|Any CPU
		{21EB9EC2-EAB4-4F9C-809A-F4EAD1C557DE}.Debug|Any CPU.Build.0 = Debug|Any CPU
		{21EB9EC2-EAB4-4F9C-809A-F4EAD1C557DE}.Release|Any CPU.ActiveCfg = Release|Any CPU
		{21EB9EC2-EAB4-4F9C-809A-F4EAD1C557DE}.Release|Any CPU.Build.0 = Release|Any CPU
	EndGlobalSection
	GlobalSection(SolutionProperties) = preSolution
		HideSolutionNode = FALSE
	EndGlobalSection
EndGlobal
